// !$*UTF8*$!
{
	archiveVersion = 1;
	classes = {
	};
	objectVersion = 46;
	objects = {

/* Begin PBXBuildFile section */
		F414DD1B1DF3C7AE00478A75 /* main.m in Sources */ = {isa = PBXBuildFile; fileRef = F414DD1A1DF3C7AE00478A75 /* main.m */; };
		F414DD1E1DF3C7AE00478A75 /* AppDelegate.m in Sources */ = {isa = PBXBuildFile; fileRef = F414DD1D1DF3C7AE00478A75 /* AppDelegate.m */; };
		F414DD211DF3C7AE00478A75 /* ViewController.m in Sources */ = {isa = PBXBuildFile; fileRef = F414DD201DF3C7AE00478A75 /* ViewController.m */; };
		F414DD241DF3C7AE00478A75 /* Main.storyboard in Resources */ = {isa = PBXBuildFile; fileRef = F414DD221DF3C7AE00478A75 /* Main.storyboard */; };
		F414DD261DF3C7AE00478A75 /* Assets.xcassets in Resources */ = {isa = PBXBuildFile; fileRef = F414DD251DF3C7AE00478A75 /* Assets.xcassets */; };
		F414DD291DF3C7AE00478A75 /* LaunchScreen.storyboard in Resources */ = {isa = PBXBuildFile; fileRef = F414DD271DF3C7AE00478A75 /* LaunchScreen.storyboard */; };
		F414DD321DF4321E00478A75 /* CJVerCodeImageView.m in Sources */ = {isa = PBXBuildFile; fileRef = F414DD311DF4321E00478A75 /* CJVerCodeImageView.m */; };
/* End PBXBuildFile section */

/* Begin PBXFileReference section */
		F414DD161DF3C7AE00478A75 /* CJVerificationCode.app */ = {isa = PBXFileReference; explicitFileType = wrapper.application; includeInIndex = 0; path = CJVerificationCode.app; sourceTree = BUILT_PRODUCTS_DIR; };
		F414DD1A1DF3C7AE00478A75 /* main.m */ = {isa = PBXFileReference; lastKnownFileType = sourcecode.c.objc; path = main.m; sourceTree = "<group>"; };
		F414DD1C1DF3C7AE00478A75 /* AppDelegate.h */ = {isa = PBXFileReference; lastKnownFileType = sourcecode.c.h; path = AppDelegate.h; sourceTree = "<group>"; };
		F414DD1D1DF3C7AE00478A75 /* AppDelegate.m */ = {isa = PBXFileReference; lastKnownFileType = sourcecode.c.objc; path = AppDelegate.m; sourceTree = "<group>"; };
		F414DD1F1DF3C7AE00478A75 /* ViewController.h */ = {isa = PBXFileReference; lastKnownFileType = sourcecode.c.h; path = ViewController.h; sourceTree = "<group>"; };
		F414DD201DF3C7AE00478A75 /* ViewController.m */ = {isa = PBXFileReference; lastKnownFileType = sourcecode.c.objc; path = ViewController.m; sourceTree = "<group>"; };
		F414DD231DF3C7AE00478A75 /* Base */ = {isa = PBXFileReference; lastKnownFileType = file.storyboard; name = Base; path = Base.lproj/Main.storyboard; sourceTree = "<group>"; };
		F414DD251DF3C7AE00478A75 /* Assets.xcassets */ = {isa = PBXFileReference; lastKnownFileType = folder.assetcatalog; path = Assets.xcassets; sourceTree = "<group>"; };
		F414DD281DF3C7AE00478A75 /* Base */ = {isa = PBXFileReference; lastKnownFileType = file.storyboard; name = Base; path = Base.lproj/LaunchScreen.storyboard; sourceTree = "<group>"; };
		F414DD2A1DF3C7AE00478A75 /* Info.plist */ = {isa = PBXFileReference; lastKnownFileType = text.plist.xml; path = Info.plist; sourceTree = "<group>"; };
		F414DD301DF4321E00478A75 /* CJVerCodeImageView.h */ = {isa = PBXFileReference; fileEncoding = 4; lastKnownFileType = sourcecode.c.h; path = CJVerCodeImageView.h; sourceTree = "<group>"; };
		F414DD311DF4321E00478A75 /* CJVerCodeImageView.m */ = {isa = PBXFileReference; fileEncoding = 4; lastKnownFileType = sourcecode.c.objc; path = CJVerCodeImageView.m; sourceTree = "<group>"; };
/* End PBXFileReference section */

/* Begin PBXFrameworksBuildPhase section */
		F414DD131DF3C7AE00478A75 /* Frameworks */ = {
			isa = PBXFrameworksBuildPhase;
			buildActionMask = 2147483647;
			files = (
			);
			runOnlyForDeploymentPostprocessing = 0;
		};
/* End PBXFrameworksBuildPhase section */

/* Begin PBXGroup section */
		F414DD0D1DF3C7AE00478A75 = {
			isa = PBXGroup;
			children = (
				F414DD181DF3C7AE00478A75 /* CJVerificationCode */,
				F414DD171DF3C7AE00478A75 /* Products */,
			);
			sourceTree = "<group>";
		};
		F414DD171DF3C7AE00478A75 /* Products */ = {
			isa = PBXGroup;
			children = (
				F414DD161DF3C7AE00478A75 /* CJVerificationCode.app */,
			);
			name = Products;
			sourceTree = "<group>";
		};
		F414DD181DF3C7AE00478A75 /* CJVerificationCode */ = {
			isa = PBXGroup;
			children = (
				F414DD1C1DF3C7AE00478A75 /* AppDelegate.h */,
				F414DD1D1DF3C7AE00478A75 /* AppDelegate.m */,
				F414DD1F1DF3C7AE00478A75 /* ViewController.h */,
				F414DD201DF3C7AE00478A75 /* ViewController.m */,
				F414DD301DF4321E00478A75 /* CJVerCodeImageView.h */,
				F414DD311DF4321E00478A75 /* CJVerCodeImageView.m */,
				F414DD221DF3C7AE00478A75 /* Main.storyboard */,
				F414DD251DF3C7AE00478A75 /* Assets.xcassets */,
				F414DD271DF3C7AE00478A75 /* LaunchScreen.storyboard */,
				F414DD2A1DF3C7AE00478A75 /* Info.plist */,
				F414DD191DF3C7AE00478A75 /* Supporting Files */,
			);
			path = CJVerificationCode;
			sourceTree = "<group>";
		};
		F414DD191DF3C7AE00478A75 /* Supporting Files */ = {
			isa = PBXGroup;
			children = (
				F414DD1A1DF3C7AE00478A75 /* main.m */,
			);
			name = "Supporting Files";
			sourceTree = "<group>";
		};
/* End PBXGroup section */

/* Begin PBXNativeTarget section */
		F414DD151DF3C7AE00478A75 /* CJVerificationCode */ = {
			isa = PBXNativeTarget;
			buildConfigurationList = F414DD2D1DF3C7AE00478A75 /* Build configuration list for PBXNativeTarget "CJVerificationCode" */;
			buildPhases = (
				F414DD121DF3C7AE00478A75 /* Sources */,
				F414DD131DF3C7AE00478A75 /* Frameworks */,
				F414DD141DF3C7AE00478A75 /* Resources */,
			);
			buildRules = (
			);
			dependencies = (
			);
			name = CJVerificationCode;
			productName = CJVerificationCode;
			productReference = F414DD161DF3C7AE00478A75 /* CJVerificationCode.app */;
			productType = "com.apple.product-type.application";
		};
/* End PBXNativeTarget section */

/* Begin PBXProject section */
		F414DD0E1DF3C7AE00478A75 /* Project object */ = {
			isa = PBXProject;
			attributes = {
				LastUpgradeCheck = 0810;
				ORGANIZATIONNAME = "陈吉";
				TargetAttributes = {
					F414DD151DF3C7AE00478A75 = {
						CreatedOnToolsVersion = 8.1;
						ProvisioningStyle = Automatic;
					};
				};
			};
			buildConfigurationList = F414DD111DF3C7AE00478A75 /* Build configuration list for PBXProject "CJVerificationCode" */;
			compatibilityVersion = "Xcode 3.2";
			developmentRegion = English;
			hasScannedForEncodings = 0;
			knownRegions = (
				en,
				Base,
			);
			mainGroup = F414DD0D1DF3C7AE00478A75;
			productRefGroup = F414DD171DF3C7AE00478A75 /* Products */;
			projectDirPath = "";
			projectRoot = "";
			targets = (
				F414DD151DF3C7AE00478A75 /* CJVerificationCode */,
			);
		};
/* End PBXProject section */

/* Begin PBXResourcesBuildPhase section */
		F414DD141DF3C7AE00478A75 /* Resources */ = {
			isa = PBXResourcesBuildPhase;
			buildActionMask = 2147483647;
			files = (
				F414DD291DF3C7AE00478A75 /* LaunchScreen.storyboard in Resources */,
				F414DD261DF3C7AE00478A75 /* Assets.xcassets in Resources */,
				F414DD241DF3C7AE00478A75 /* Main.storyboard in Resources */,
			);
			runOnlyForDeploymentPostprocessing = 0;
		};
/* End PBXResourcesBuildPhase section */

/* Begin PBXSourcesBuildPhase section */
		F414DD121DF3C7AE00478A75 /* Sources */ = {
			isa = PBXSourcesBuildPhase;
			buildActionMask = 2147483647;
			files = (
				F414DD211DF3C7AE00478A75 /* ViewController.m in Sources */,
				F414DD1E1DF3C7AE00478A75 /* AppDelegate.m in Sources */,
				F414DD321DF4321E00478A75 /* CJVerCodeImageView.m in Sources */,
				F414DD1B1DF3C7AE00478A75 /* main.m in Sources */,
			);
			runOnlyForDeploymentPostprocessing = 0;
		};
/* End PBXSourcesBuildPhase section */

/* Begin PBXVariantGroup section */
		F414DD221DF3C7AE00478A75 /* Main.storyboard */ = {
			isa = PBXVariantGroup;
			children = (
				F414DD231DF3C7AE00478A75 /* Base */,
			);
			name = Main.storyboard;
			sourceTree = "<group>";
		};
		F414DD271DF3C7AE00478A75 /* LaunchScreen.storyboard */ = {
			isa = PBXVariantGroup;
			children = (
				F414DD281DF3C7AE00478A75 /* Base */,
			);
			name = LaunchScreen.storyboard;
			sourceTree = "<group>";
		};
/* End PBXVariantGroup section */

/* Begin XCBuildConfiguration section */
		F414DD2B1DF3C7AE00478A75 /* Debug */ = {
			isa = XCBuildConfiguration;
			buildSettings = {
				ALWAYS_SEARCH_USER_PATHS = NO;
				CLANG_ANALYZER_NONNULL = YES;
				CLANG_CXX_LANGUAGE_STANDARD = "gnu++0x";
				CLANG_CXX_LIBRARY = "libc++";
				CLANG_ENABLE_MODULES = YES;
				CLANG_ENABLE_OBJC_ARC = YES;
				CLANG_WARN_BOOL_CONVERSION = YES;
				CLANG_WARN_CONSTANT_CONVERSION = YES;
				CLANG_WARN_DIRECT_OBJC_ISA_USAGE = YES_ERROR;
				CLANG_WARN_DOCUMENTATION_COMMENTS = YES;
				CLANG_WARN_EMPTY_BODY = YES;
				CLANG_WARN_ENUM_CONVERSION = YES;
				CLANG_WARN_INFINITE_RECURSION = YES;
				CLANG_WARN_INT_CONVERSION = YES;
				CLANG_WARN_OBJC_ROOT_CLASS = YES_ERROR;
				CLANG_WARN_SUSPICIOUS_MOVES = YES;
				CLANG_WARN_UNREACHABLE_CODE = YES;
				CLANG_WARN__DUPLICATE_METHOD_MATCH = YES;
				"CODE_SIGN_IDENTITY[sdk=iphoneos*]" = "iPhone Developer";
				COPY_PHASE_STRIP = NO;
				DEBUG_INFORMATION_FORMAT = dwarf;
				ENABLE_STRICT_OBJC_MSGSEND = YES;
				ENABLE_TESTABILITY = YES;
				GCC_C_LANGUAGE_STANDARD = gnu99;
				GCC_DYNAMIC_NO_PIC = NO;
				GCC_NO_COMMON_BLOCKS = YES;
				GCC_OPTIMIZATION_LEVEL = 0;
				GCC_PREPROCESSOR_DEFINITIONS = (
					"DEBUG=1",
					"$(inherited)",
				);
				GCC_WARN_64_TO_32_BIT_CONVERSION = YES;
				GCC_WARN_ABOUT_RETURN_TYPE = YES_ERROR;
				GCC_WARN_UNDECLARED_SELECTOR = YES;
				GCC_WARN_UNINITIALIZED_AUTOS = YES_AGGRESSIVE;
				GCC_WARN_UNUSED_FUNCTION = YES;
				GCC_WARN_UNUSED_VARIABLE = YES;
				IPHONEOS_DEPLOYMENT_TARGET = 10.1;
				MTL_ENABLE_DEBUG_INFO = YES;
				ONLY_ACTIVE_ARCH = YES;
				SDKROOT = iphoneos;
			};
			name = Debug;
		};
		F414DD2C1DF3C7AE00478A75 /* Release */ = {
			isa = XCBuildConfiguration;
			buildSettings = {
				ALWAYS_SEARCH_USER_PATHS = NO;
				CLANG_ANALYZER_NONNULL = YES;
				CLANG_CXX_LANGUAGE_STANDARD = "gnu++0x";
				CLANG_CXX_LIBRARY = "libc++";
				CLANG_ENABLE_MODULES = YES;
				CLANG_ENABLE_OBJC_ARC = YES;
				CLANG_WARN_BOOL_CONVERSION = YES;
				CLANG_WARN_CONSTANT_CONVERSION = YES;
				CLANG_WARN_DIRECT_OBJC_ISA_USAGE = YES_ERROR;
				CLANG_WARN_DOCUMENTATION_COMMENTS = YES;
				CLANG_WARN_EMPTY_BODY = YES;
				CLANG_WARN_ENUM_CONVERSION = YES;
				CLANG_WARN_INFINITE_RECURSION = YES;
				CLANG_WARN_INT_CONVERSION = YES;
				CLANG_WARN_OBJC_ROOT_CLASS = YES_ERROR;
				CLANG_WARN_SUSPICIOUS_MOVES = YES;
				CLANG_WARN_UNREACHABLE_CODE = YES;
				CLANG_WARN__DUPLICATE_METHOD_MATCH = YES;
				"CODE_SIGN_IDENTITY[sdk=iphoneos*]" = "iPhone Developer";
				COPY_PHASE_STRIP = NO;
				DEBUG_INFORMATION_FORMAT = "dwarf-with-dsym";
				ENABLE_NS_ASSERTIONS = NO;
				ENABLE_STRICT_OBJC_MSGSEND = YES;
				GCC_C_LANGUAGE_STANDARD = gnu99;
				GCC_NO_COMMON_BLOCKS = YES;
				GCC_WARN_64_TO_32_BIT_CONVERSION = YES;
				GCC_WARN_ABOUT_RETURN_TYPE = YES_ERROR;
				GCC_WARN_UNDECLARED_SELECTOR = YES;
				GCC_WARN_UNINITIALIZED_AUTOS = YES_AGGRESSIVE;
				GCC_WARN_UNUSED_FUNCTION = YES;
				GCC_WARN_UNUSED_VARIABLE = YES;
				IPHONEOS_DEPLOYMENT_TARGET = 10.1;
				MTL_ENABLE_DEBUG_INFO = NO;
				SDKROOT = iphoneos;
				VALIDATE_PRODUCT = YES;
			};
			name = Release;
		};
		F414DD2E1DF3C7AE00478A75 /* Debug */ = {
			isa = XCBuildConfiguration;
			buildSettings = {
				ASSETCATALOG_COMPILER_APPICON_NAME = AppIcon;
				INFOPLIST_FILE = CJVerificationCode/Info.plist;
				LD_RUNPATH_SEARCH_PATHS = "$(inherited) @executable_path/Frameworks";
				PRODUCT_BUNDLE_IDENTIFIER = com.chenji.CJVerificationCode;
				PRODUCT_NAME = "$(TARGET_NAME)";
			};
			name = Debug;
		};
		F414DD2F1DF3C7AE00478A75 /* Release */ = {
			isa = XCBuildConfiguration;
			buildSettings = {
				ASSETCATALOG_COMPILER_APPICON_NAME = AppIcon;
				INFOPLIST_FILE = CJVerificationCode/Info.plist;
				LD_RUNPATH_SEARCH_PATHS = "$(inherited) @executable_path/Frameworks";
				PRODUCT_BUNDLE_IDENTIFIER = com.chenji.CJVerificationCode;
				PRODUCT_NAME = "$(TARGET_NAME)";
			};
			name = Release;
		};
/* End XCBuildConfiguration section */

/* Begin XCConfigurationList section */
		F414DD111DF3C7AE00478A75 /* Build configuration list for PBXProject "CJVerificationCode" */ = {
			isa = XCConfigurationList;
			buildConfigurations = (
				F414DD2B1DF3C7AE00478A75 /* Debug */,
				F414DD2C1DF3C7AE00478A75 /* Release */,
			);
			defaultConfigurationIsVisible = 0;
			defaultConfigurationName = Release;
		};
		F414DD2D1DF3C7AE00478A75 /* Build configuration list for PBXNativeTarget "CJVerificationCode" */ = {
			isa = XCConfigurationList;
			buildConfigurations = (
				F414DD2E1DF3C7AE00478A75 /* Debug */,
				F414DD2F1DF3C7AE00478A75 /* Release */,
			);
			defaultConfigurationIsVisible = 0;
		};
/* End XCConfigurationList section */
	};
	rootObject = F414DD0E1DF3C7AE00478A75 /* Project object */;
}
